// !$*UTF8*$!
{
	archiveVersion = 1;
	classes = {
	};
	objectVersion = 46;
	objects = {

/* Begin PBXBuildFile section */
		303BFC311BC5D865007026CC /* libz.tbd in Frameworks */ = {isa = PBXBuildFile; fileRef = 303BFC301BC5D865007026CC /* libz.tbd */; };
		303BFC331BC5D870007026CC /* libcurl.tbd in Frameworks */ = {isa = PBXBuildFile; fileRef = 303BFC321BC5D870007026CC /* libcurl.tbd */; };
		306ED3581BD6E00500A0A5EF /* libiconv.tbd in Frameworks */ = {isa = PBXBuildFile; fileRef = 303BFC2A1BC5D7C6007026CC /* libiconv.tbd */; };
		306FDFB71A607C440089CA66 /* libcocos2d Mac.a in Frameworks */ = {isa = PBXBuildFile; fileRef = 306FDFB61A607C440089CA66 /* libcocos2d Mac.a */; };
		306FDFBD1A6087400089CA66 /* libfmodL.dylib in CopyFiles */ = {isa = PBXBuildFile; fileRef = 306FDFBB1A6087400089CA66 /* libfmodL.dylib */; settings = {ATTRIBUTES = (CodeSignOnCopy, ); }; };
		306FDFBF1A60877F0089CA66 /* libfmodstudioL.dylib in CopyFiles */ = {isa = PBXBuildFile; fileRef = 306FDFBE1A60877F0089CA66 /* libfmodstudioL.dylib */; settings = {ATTRIBUTES = (CodeSignOnCopy, ); }; };
		30DEBFE31BF2DA8000A9824F /* Carbon.framework in Frameworks */ = {isa = PBXBuildFile; fileRef = 30DEBFE21BF2DA8000A9824F /* Carbon.framework */; };
		503AE10517EB98FF00D1A890 /* main.cpp in Sources */ = {isa = PBXBuildFile; fileRef = 503AE10317EB98FF00D1A890 /* main.cpp */; };
		503AE11B17EB9C5A00D1A890 /* IOKit.framework in Frameworks */ = {isa = PBXBuildFile; fileRef = 503AE11A17EB9C5A00D1A890 /* IOKit.framework */; };
		5087E75717EB910900C73F5D /* AppDelegate.cpp in Sources */ = {isa = PBXBuildFile; fileRef = 1AFAF8B316D35DE700DB1158 /* AppDelegate.cpp */; };
		5087E75817EB910900C73F5D /* Editor.cpp in Sources */ = {isa = PBXBuildFile; fileRef = 1AFAF8B516D35DE700DB1158 /* Editor.cpp */; };
		5087E76317EB910900C73F5D /* Foundation.framework in Frameworks */ = {isa = PBXBuildFile; fileRef = 1D30AB110D05D00D00671497 /* Foundation.framework */; };
		5087E76517EB910900C73F5D /* CoreGraphics.framework in Frameworks */ = {isa = PBXBuildFile; fileRef = 288765A40DF7441C002DB57D /* CoreGraphics.framework */; };
		5087E76817EB910900C73F5D /* QuartzCore.framework in Frameworks */ = {isa = PBXBuildFile; fileRef = BF1C47EA1293683800B63C5D /* QuartzCore.framework */; };
		5087E76917EB910900C73F5D /* OpenAL.framework in Frameworks */ = {isa = PBXBuildFile; fileRef = D44C620B132DFF330009C878 /* OpenAL.framework */; };
		5087E76A17EB910900C73F5D /* AVFoundation.framework in Frameworks */ = {isa = PBXBuildFile; fileRef = D44C620D132DFF430009C878 /* AVFoundation.framework */; };
		5087E76B17EB910900C73F5D /* AudioToolbox.framework in Frameworks */ = {isa = PBXBuildFile; fileRef = D44C620F132DFF4E0009C878 /* AudioToolbox.framework */; };
		5087E78917EB974C00C73F5D /* AppKit.framework in Frameworks */ = {isa = PBXBuildFile; fileRef = 5087E78817EB974C00C73F5D /* AppKit.framework */; };
		5087E78B17EB975400C73F5D /* OpenGL.framework in Frameworks */ = {isa = PBXBuildFile; fileRef = 5087E78A17EB975400C73F5D /* OpenGL.framework */; };
/* End PBXBuildFile section */

/* Begin PBXCopyFilesBuildPhase section */
		302BD2A11A3431CF0091A274 /* CopyFiles */ = {
			isa = PBXCopyFilesBuildPhase;
			buildActionMask = 2147483647;
			dstPath = "";
			dstSubfolderSpec = 10;
			files = (
				306FDFBF1A60877F0089CA66 /* libfmodstudioL.dylib in CopyFiles */,
				306FDFBD1A6087400089CA66 /* libfmodL.dylib in CopyFiles */,
			);
			runOnlyForDeploymentPostprocessing = 0;
		};
/* End PBXCopyFilesBuildPhase section */

/* Begin PBXFileReference section */
		1AFAF8B316D35DE700DB1158 /* AppDelegate.cpp */ = {isa = PBXFileReference; fileEncoding = 4; lastKnownFileType = sourcecode.cpp.cpp; name = AppDelegate.cpp; path = ../Classes/AppDelegate.cpp; sourceTree = "<group>"; };
		1AFAF8B416D35DE700DB1158 /* AppDelegate.h */ = {isa = PBXFileReference; fileEncoding = 4; lastKnownFileType = sourcecode.c.h; name = AppDelegate.h; path = ../Classes/AppDelegate.h; sourceTree = "<group>"; };
		1AFAF8B516D35DE700DB1158 /* Editor.cpp */ = {isa = PBXFileReference; fileEncoding = 4; lastKnownFileType = sourcecode.cpp.cpp; name = Editor.cpp; path = ../Classes/Editor.cpp; sourceTree = "<group>"; };
		1AFAF8B616D35DE700DB1158 /* Editor.h */ = {isa = PBXFileReference; fileEncoding = 4; lastKnownFileType = sourcecode.c.h; name = Editor.h; path = ../Classes/Editor.h; sourceTree = "<group>"; };
		1D30AB110D05D00D00671497 /* Foundation.framework */ = {isa = PBXFileReference; lastKnownFileType = wrapper.framework; name = Foundation.framework; path = System/Library/Frameworks/Foundation.framework; sourceTree = SDKROOT; };
		288765A40DF7441C002DB57D /* CoreGraphics.framework */ = {isa = PBXFileReference; lastKnownFileType = wrapper.framework; name = CoreGraphics.framework; path = System/Library/Frameworks/CoreGraphics.framework; sourceTree = SDKROOT; };
		30226D341AE067E000A75469 /* ritual-place.png */ = {isa = PBXFileReference; lastKnownFileType = image.png; path = "ritual-place.png"; sourceTree = "<group>"; };
		302B09DD1BDB88F7007F3114 /* collision_green.png */ = {isa = PBXFileReference; lastKnownFileType = image.png; path = collision_green.png; sourceTree = "<group>"; };
		302B09DE1BDB88F7007F3114 /* jump_green.png */ = {isa = PBXFileReference; lastKnownFileType = image.png; path = jump_green.png; sourceTree = "<group>"; };
		302B09DF1BDB88F7007F3114 /* jumphit_green.png */ = {isa = PBXFileReference; lastKnownFileType = image.png; path = jumphit_green.png; sourceTree = "<group>"; };
		302B09E01BDB88F7007F3114 /* rock_green.png */ = {isa = PBXFileReference; lastKnownFileType = image.png; path = rock_green.png; sourceTree = "<group>"; };
		302B09E11BDB88F7007F3114 /* run_green.plist */ = {isa = PBXFileReference; fileEncoding = 4; lastKnownFileType = text.plist.xml; path = run_green.plist; sourceTree = "<group>"; };
		302B09E21BDB88F7007F3114 /* run_green.png */ = {isa = PBXFileReference; lastKnownFileType = image.png; path = run_green.png; sourceTree = "<group>"; };
		302B09E31BDB88F7007F3114 /* wallslide_green.png */ = {isa = PBXFileReference; lastKnownFileType = image.png; path = wallslide_green.png; sourceTree = "<group>"; };
		302B09FE1BE05ED9007F3114 /* sand-melt.plist */ = {isa = PBXFileReference; fileEncoding = 4; lastKnownFileType = text.plist.xml; path = "sand-melt.plist"; sourceTree = "<group>"; };
		302B09FF1BE05ED9007F3114 /* sand-melt.png */ = {isa = PBXFileReference; lastKnownFileType = image.png; path = "sand-melt.png"; sourceTree = "<group>"; };
		302B0A001BE05ED9007F3114 /* sand.png */ = {isa = PBXFileReference; lastKnownFileType = image.png; path = sand.png; sourceTree = "<group>"; };
		302BD28D1A3414E70091A274 /* jump.png */ = {isa = PBXFileReference; lastKnownFileType = image.png; path = jump.png; sourceTree = "<group>"; };
		302BD2931A342B1A0091A274 /* Master Bank.bank */ = {isa = PBXFileReference; lastKnownFileType = file; path = "Master Bank.bank"; sourceTree = "<group>"; };
		302BD2941A342B1A0091A274 /* sounds.bank */ = {isa = PBXFileReference; lastKnownFileType = file; path = sounds.bank; sourceTree = "<group>"; };
		302BD2A81A343AEE0091A274 /* end_screen_shirt.png */ = {isa = PBXFileReference; lastKnownFileType = image.png; path = end_screen_shirt.png; sourceTree = "<group>"; };
		302BD2AB1A343B600091A274 /* points.fnt */ = {isa = PBXFileReference; fileEncoding = 4; lastKnownFileType = text; path = points.fnt; sourceTree = "<group>"; };
		302BD2AC1A343B600091A274 /* points.png */ = {isa = PBXFileReference; lastKnownFileType = image.png; path = points.png; sourceTree = "<group>"; };
		302BD3011A3496E30091A274 /* dust.plist */ = {isa = PBXFileReference; fileEncoding = 4; lastKnownFileType = text.plist.xml; path = dust.plist; sourceTree = "<group>"; };
		302BD3021A3496E30091A274 /* dust.png */ = {isa = PBXFileReference; lastKnownFileType = image.png; path = dust.png; sourceTree = "<group>"; };
		302BD3071A349ED40091A274 /* blood.plist */ = {isa = PBXFileReference; fileEncoding = 4; lastKnownFileType = text.plist.xml; path = blood.plist; sourceTree = "<group>"; };
		302BD3081A349ED40091A274 /* blood.png */ = {isa = PBXFileReference; lastKnownFileType = image.png; path = blood.png; sourceTree = "<group>"; };
		302D78171BDA267500D03C6C /* main_menu.png */ = {isa = PBXFileReference; lastKnownFileType = image.png; path = main_menu.png; sourceTree = "<group>"; };
		302F88C51BB89B03003EE292 /* AppController.h */ = {isa = PBXFileReference; fileEncoding = 4; lastKnownFileType = sourcecode.c.h; path = AppController.h; sourceTree = "<group>"; };
		302F88C61BB89B03003EE292 /* AppController.mm */ = {isa = PBXFileReference; fileEncoding = 4; lastKnownFileType = sourcecode.cpp.objcpp; path = AppController.mm; sourceTree = "<group>"; };
		302F88C71BB89B03003EE292 /* Default-568h@2x.png */ = {isa = PBXFileReference; lastKnownFileType = image.png; path = "Default-568h@2x.png"; sourceTree = "<group>"; };
		302F88C81BB89B03003EE292 /* Default.png */ = {isa = PBXFileReference; lastKnownFileType = image.png; path = Default.png; sourceTree = "<group>"; };
		302F88C91BB89B03003EE292 /* Default@2x.png */ = {isa = PBXFileReference; lastKnownFileType = image.png; path = "Default@2x.png"; sourceTree = "<group>"; };
		302F88CA1BB89B03003EE292 /* Icon-100.png */ = {isa = PBXFileReference; lastKnownFileType = image.png; path = "Icon-100.png"; sourceTree = "<group>"; };
		302F88CB1BB89B03003EE292 /* Icon-114.png */ = {isa = PBXFileReference; lastKnownFileType = image.png; path = "Icon-114.png"; sourceTree = "<group>"; };
		302F88CC1BB89B03003EE292 /* Icon-120.png */ = {isa = PBXFileReference; lastKnownFileType = image.png; path = "Icon-120.png"; sourceTree = "<group>"; };
		302F88CD1BB89B03003EE292 /* Icon-144.png */ = {isa = PBXFileReference; lastKnownFileType = image.png; path = "Icon-144.png"; sourceTree = "<group>"; };
		302F88CE1BB89B03003EE292 /* Icon-152.png */ = {isa = PBXFileReference; lastKnownFileType = image.png; path = "Icon-152.png"; sourceTree = "<group>"; };
		302F88CF1BB89B03003EE292 /* Icon-29.png */ = {isa = PBXFileReference; lastKnownFileType = image.png; path = "Icon-29.png"; sourceTree = "<group>"; };
		302F88D01BB89B03003EE292 /* Icon-40.png */ = {isa = PBXFileReference; lastKnownFileType = image.png; path = "Icon-40.png"; sourceTree = "<group>"; };
		302F88D11BB89B03003EE292 /* Icon-50.png */ = {isa = PBXFileReference; lastKnownFileType = image.png; path = "Icon-50.png"; sourceTree = "<group>"; };
		302F88D21BB89B03003EE292 /* Icon-57.png */ = {isa = PBXFileReference; lastKnownFileType = image.png; path = "Icon-57.png"; sourceTree = "<group>"; };
		302F88D31BB89B03003EE292 /* Icon-58.png */ = {isa = PBXFileReference; lastKnownFileType = image.png; path = "Icon-58.png"; sourceTree = "<group>"; };
		302F88D41BB89B03003EE292 /* Icon-72.png */ = {isa = PBXFileReference; lastKnownFileType = image.png; path = "Icon-72.png"; sourceTree = "<group>"; };
		302F88D51BB89B03003EE292 /* Icon-76.png */ = {isa = PBXFileReference; lastKnownFileType = image.png; path = "Icon-76.png"; sourceTree = "<group>"; };
		302F88D61BB89B03003EE292 /* Icon-80.png */ = {isa = PBXFileReference; lastKnownFileType = image.png; path = "Icon-80.png"; sourceTree = "<group>"; };
		302F88D71BB89B03003EE292 /* Info.plist */ = {isa = PBXFileReference; fileEncoding = 4; lastKnownFileType = text.plist.xml; path = Info.plist; sourceTree = "<group>"; };
		302F88D81BB89B03003EE292 /* main.m */ = {isa = PBXFileReference; fileEncoding = 4; lastKnownFileType = sourcecode.c.objc; path = main.m; sourceTree = "<group>"; };
		302F88D91BB89B03003EE292 /* Prefix.pch */ = {isa = PBXFileReference; fileEncoding = 4; lastKnownFileType = sourcecode.c.h; path = Prefix.pch; sourceTree = "<group>"; };
		302F88DA1BB89B03003EE292 /* RootViewController.h */ = {isa = PBXFileReference; fileEncoding = 4; lastKnownFileType = sourcecode.c.h; path = RootViewController.h; sourceTree = "<group>"; };
		302F88DB1BB89B03003EE292 /* RootViewController.mm */ = {isa = PBXFileReference; fileEncoding = 4; lastKnownFileType = sourcecode.cpp.objcpp; path = RootViewController.mm; sourceTree = "<group>"; };
		302F88F11BB89B6A003EE292 /* Info.plist */ = {isa = PBXFileReference; lastKnownFileType = text.plist.xml; name = Info.plist; path = ios/Info.plist; sourceTree = SOURCE_ROOT; };
		302F88F21BB89D31003EE292 /* libcocos2d tvOS.a */ = {isa = PBXFileReference; lastKnownFileType = archive.ar; name = "libcocos2d tvOS.a"; path = "../../../Libraries/cocos2d-x/build/build/Release-appletvos/libcocos2d tvOS.a"; sourceTree = "<group>"; };
		303BFC2A1BC5D7C6007026CC /* libiconv.tbd */ = {isa = PBXFileReference; lastKnownFileType = "sourcecode.text-based-dylib-definition"; name = libiconv.tbd; path = usr/lib/libiconv.tbd; sourceTree = SDKROOT; };
		303BFC2C1BC5D851007026CC /* libiconv.tbd */ = {isa = PBXFileReference; lastKnownFileType = "sourcecode.text-based-dylib-definition"; name = libiconv.tbd; path = Platforms/iPhoneOS.platform/Developer/SDKs/iPhoneOS9.1.sdk/usr/lib/libiconv.tbd; sourceTree = DEVELOPER_DIR; };
		303BFC2E1BC5D859007026CC /* libz.tbd */ = {isa = PBXFileReference; lastKnownFileType = "sourcecode.text-based-dylib-definition"; name = libz.tbd; path = Platforms/iPhoneOS.platform/Developer/SDKs/iPhoneOS9.1.sdk/usr/lib/libz.tbd; sourceTree = DEVELOPER_DIR; };
		303BFC301BC5D865007026CC /* libz.tbd */ = {isa = PBXFileReference; lastKnownFileType = "sourcecode.text-based-dylib-definition"; name = libz.tbd; path = usr/lib/libz.tbd; sourceTree = SDKROOT; };
		303BFC321BC5D870007026CC /* libcurl.tbd */ = {isa = PBXFileReference; lastKnownFileType = "sourcecode.text-based-dylib-definition"; name = libcurl.tbd; path = usr/lib/libcurl.tbd; sourceTree = SDKROOT; };
		303BFC341BC5D8D7007026CC /* libiconv.tbd */ = {isa = PBXFileReference; lastKnownFileType = "sourcecode.text-based-dylib-definition"; name = libiconv.tbd; path = Platforms/AppleTVOS.platform/Developer/SDKs/AppleTVOS9.0.sdk/usr/lib/libiconv.tbd; sourceTree = DEVELOPER_DIR; };
		303BFC361BC5D8DD007026CC /* libz.tbd */ = {isa = PBXFileReference; lastKnownFileType = "sourcecode.text-based-dylib-definition"; name = libz.tbd; path = Platforms/AppleTVOS.platform/Developer/SDKs/AppleTVOS9.0.sdk/usr/lib/libz.tbd; sourceTree = DEVELOPER_DIR; };
		303C60161C02AD710017DE69 /* GameController.framework */ = {isa = PBXFileReference; lastKnownFileType = wrapper.framework; name = GameController.framework; path = Platforms/iPhoneOS.platform/Developer/SDKs/iPhoneOS9.1.sdk/System/Library/Frameworks/GameController.framework; sourceTree = DEVELOPER_DIR; };
		303CF8271A1CE1F4008EFEF8 /* OpenGLES.framework */ = {isa = PBXFileReference; lastKnownFileType = wrapper.framework; name = OpenGLES.framework; path = Platforms/iPhoneOS.platform/Developer/SDKs/iPhoneOS8.1.sdk/System/Library/Frameworks/OpenGLES.framework; sourceTree = DEVELOPER_DIR; };
		303CF8291A1CE202008EFEF8 /* CoreMotion.framework */ = {isa = PBXFileReference; lastKnownFileType = wrapper.framework; name = CoreMotion.framework; path = Platforms/iPhoneOS.platform/Developer/SDKs/iPhoneOS8.1.sdk/System/Library/Frameworks/CoreMotion.framework; sourceTree = DEVELOPER_DIR; };
		303CF82B1A1CE213008EFEF8 /* UIKit.framework */ = {isa = PBXFileReference; lastKnownFileType = wrapper.framework; name = UIKit.framework; path = Platforms/iPhoneOS.platform/Developer/SDKs/iPhoneOS8.1.sdk/System/Library/Frameworks/UIKit.framework; sourceTree = DEVELOPER_DIR; };
		304776791BE8FC5B00EBE002 /* stand_green.png */ = {isa = PBXFileReference; lastKnownFileType = image.png; path = stand_green.png; sourceTree = "<group>"; };
		3047767A1BE8FC5B00EBE002 /* stand.png */ = {isa = PBXFileReference; lastKnownFileType = image.png; path = stand.png; sourceTree = "<group>"; };
		304776811BE95E6200EBE002 /* sparkles.plist */ = {isa = PBXFileReference; fileEncoding = 4; lastKnownFileType = text.plist.xml; path = sparkles.plist; sourceTree = "<group>"; };
		304776821BE95E6200EBE002 /* sparkles.png */ = {isa = PBXFileReference; lastKnownFileType = image.png; path = sparkles.png; sourceTree = "<group>"; };
		3047768E1BE98C1200EBE002 /* bat-flying.plist */ = {isa = PBXFileReference; fileEncoding = 4; lastKnownFileType = text.plist.xml; path = "bat-flying.plist"; sourceTree = "<group>"; };
		3047768F1BE98C1200EBE002 /* bat-flying.png */ = {isa = PBXFileReference; lastKnownFileType = image.png; path = "bat-flying.png"; sourceTree = "<group>"; };
		304776901BE98C1200EBE002 /* bat.png */ = {isa = PBXFileReference; lastKnownFileType = image.png; path = bat.png; sourceTree = "<group>"; };
		304782221BC4B4000055C0E9 /* Icons.xcassets */ = {isa = PBXFileReference; lastKnownFileType = folder.assetcatalog; path = Icons.xcassets; sourceTree = "<group>"; };
		3056AF861A8D90F000C9AFB8 /* life.png */ = {isa = PBXFileReference; lastKnownFileType = image.png; path = life.png; sourceTree = "<group>"; };
		305DEEE61AD3267F0063BC80 /* arrow.png */ = {isa = PBXFileReference; lastKnownFileType = image.png; path = arrow.png; sourceTree = "<group>"; };
		306A62881B6CBA7F003D22A6 /* font.fnt */ = {isa = PBXFileReference; fileEncoding = 4; lastKnownFileType = text; path = font.fnt; sourceTree = "<group>"; };
		306A62891B6CBA7F003D22A6 /* font.png */ = {isa = PBXFileReference; lastKnownFileType = image.png; path = font.png; sourceTree = "<group>"; };
		306A628E1B6CBB31003D22A6 /* logo.png */ = {isa = PBXFileReference; lastKnownFileType = image.png; path = logo.png; sourceTree = "<group>"; };
		306ED3561BD6DFD100A0A5EF /* libiconv.2.tbd */ = {isa = PBXFileReference; lastKnownFileType = "sourcecode.text-based-dylib-definition"; name = libiconv.2.tbd; path = usr/lib/libiconv.2.tbd; sourceTree = SDKROOT; };
		306FDFB61A607C440089CA66 /* libcocos2d Mac.a */ = {isa = PBXFileReference; lastKnownFileType = archive.ar; name = "libcocos2d Mac.a"; path = "../../../Libraries/cocos2d-x-3.3/build/build/libcocos2d Mac.a"; sourceTree = "<group>"; };
		306FDFB81A607C4C0089CA66 /* libcocos2d iOS.a */ = {isa = PBXFileReference; lastKnownFileType = archive.ar; name = "libcocos2d iOS.a"; path = "../../../Libraries/cocos2d-x-3.3/build/build/libcocos2d iOS.a"; sourceTree = "<group>"; };
		306FDFBA1A6087400089CA66 /* libfmod.dylib */ = {isa = PBXFileReference; lastKnownFileType = "compiled.mach-o.dylib"; name = libfmod.dylib; path = "../../../Libraries/FMOD Programmers API/api/lowlevel/lib/libfmod.dylib"; sourceTree = "<group>"; };
		306FDFBB1A6087400089CA66 /* libfmodL.dylib */ = {isa = PBXFileReference; lastKnownFileType = "compiled.mach-o.dylib"; name = libfmodL.dylib; path = "../../../Libraries/FMOD Programmers API/api/lowlevel/lib/libfmodL.dylib"; sourceTree = "<group>"; };
		306FDFBE1A60877F0089CA66 /* libfmodstudioL.dylib */ = {isa = PBXFileReference; lastKnownFileType = "compiled.mach-o.dylib"; name = libfmodstudioL.dylib; path = "../../../Libraries/FMOD Programmers API/api/studio/lib/libfmodstudioL.dylib"; sourceTree = "<group>"; };
		307697CA1BA6236900DC9F7C /* stopsign.png */ = {isa = PBXFileReference; lastKnownFileType = image.png; path = stopsign.png; sourceTree = "<group>"; };
		307E7ABE1AC1FED500CFB82B /* back-grass01.png */ = {isa = PBXFileReference; lastKnownFileType = image.png; path = "back-grass01.png"; sourceTree = "<group>"; };
		307E7ABF1AC1FED500CFB82B /* back-grass02.png */ = {isa = PBXFileReference; lastKnownFileType = image.png; path = "back-grass02.png"; sourceTree = "<group>"; };
		307E7AC01AC1FED500CFB82B /* back-stone01.png */ = {isa = PBXFileReference; lastKnownFileType = image.png; path = "back-stone01.png"; sourceTree = "<group>"; };
		307E7AC11AC1FED500CFB82B /* back-stone02.png */ = {isa = PBXFileReference; lastKnownFileType = image.png; path = "back-stone02.png"; sourceTree = "<group>"; };
		307E7AC21AC1FED500CFB82B /* bg-cliff01.png */ = {isa = PBXFileReference; lastKnownFileType = image.png; path = "bg-cliff01.png"; sourceTree = "<group>"; };
		307E7AC31AC1FED500CFB82B /* bg-forest01.png */ = {isa = PBXFileReference; lastKnownFileType = image.png; path = "bg-forest01.png"; sourceTree = "<group>"; };
		307E7AC41AC1FED500CFB82B /* bg-forest02.png */ = {isa = PBXFileReference; lastKnownFileType = image.png; path = "bg-forest02.png"; sourceTree = "<group>"; };
		307E7AC51AC1FED500CFB82B /* bg-forest03.png */ = {isa = PBXFileReference; lastKnownFileType = image.png; path = "bg-forest03.png"; sourceTree = "<group>"; };
		307E7AC61AC1FED500CFB82B /* bg-forest04.png */ = {isa = PBXFileReference; lastKnownFileType = image.png; path = "bg-forest04.png"; sourceTree = "<group>"; };
		307E7AC71AC1FED500CFB82B /* bg-forest05.png */ = {isa = PBXFileReference; lastKnownFileType = image.png; path = "bg-forest05.png"; sourceTree = "<group>"; };
		307E7AC81AC1FED500CFB82B /* bg-forest06.png */ = {isa = PBXFileReference; lastKnownFileType = image.png; path = "bg-forest06.png"; sourceTree = "<group>"; };
		307E7AC91AC1FED500CFB82B /* bg-lapotne01.png */ = {isa = PBXFileReference; lastKnownFileType = image.png; path = "bg-lapotne01.png"; sourceTree = "<group>"; };
		307E7ACA1AC1FED500CFB82B /* bg-tile-black.png */ = {isa = PBXFileReference; lastKnownFileType = image.png; path = "bg-tile-black.png"; sourceTree = "<group>"; };
		307E7ACB1AC1FED500CFB82B /* overlay01.png */ = {isa = PBXFileReference; lastKnownFileType = image.png; path = overlay01.png; sourceTree = "<group>"; };
		307E7ACC1AC1FED500CFB82B /* overlay02.png */ = {isa = PBXFileReference; lastKnownFileType = image.png; path = overlay02.png; sourceTree = "<group>"; };
		307E7ACD1AC1FED500CFB82B /* overlay03.png */ = {isa = PBXFileReference; lastKnownFileType = image.png; path = overlay03.png; sourceTree = "<group>"; };
		307E7ACE1AC1FED500CFB82B /* overlay04.png */ = {isa = PBXFileReference; lastKnownFileType = image.png; path = overlay04.png; sourceTree = "<group>"; };
		307E7ACF1AC1FED500CFB82B /* rock01.png */ = {isa = PBXFileReference; lastKnownFileType = image.png; path = rock01.png; sourceTree = "<group>"; };
		307E7AD01AC1FED500CFB82B /* rock02.png */ = {isa = PBXFileReference; lastKnownFileType = image.png; path = rock02.png; sourceTree = "<group>"; };
		307E7AD11AC1FED500CFB82B /* rock03.png */ = {isa = PBXFileReference; lastKnownFileType = image.png; path = rock03.png; sourceTree = "<group>"; };
		307E7AD21AC1FED500CFB82B /* rock04.png */ = {isa = PBXFileReference; lastKnownFileType = image.png; path = rock04.png; sourceTree = "<group>"; };
		307E7AD31AC1FED500CFB82B /* rock05.png */ = {isa = PBXFileReference; lastKnownFileType = image.png; path = rock05.png; sourceTree = "<group>"; };
		307E7AD41AC1FED500CFB82B /* rock06.png */ = {isa = PBXFileReference; lastKnownFileType = image.png; path = rock06.png; sourceTree = "<group>"; };
		307E7AD51AC1FED500CFB82B /* rock07.png */ = {isa = PBXFileReference; lastKnownFileType = image.png; path = rock07.png; sourceTree = "<group>"; };
		307E7AD61AC1FED500CFB82B /* rock08.png */ = {isa = PBXFileReference; lastKnownFileType = image.png; path = rock08.png; sourceTree = "<group>"; };
		307E7AD71AC1FED500CFB82B /* rock09.png */ = {isa = PBXFileReference; lastKnownFileType = image.png; path = rock09.png; sourceTree = "<group>"; };
		307E7AD81AC1FED500CFB82B /* rock10.png */ = {isa = PBXFileReference; lastKnownFileType = image.png; path = rock10.png; sourceTree = "<group>"; };
		307E7AD91AC1FED500CFB82B /* rock11.png */ = {isa = PBXFileReference; lastKnownFileType = image.png; path = rock11.png; sourceTree = "<group>"; };
		307E7ADA1AC1FED500CFB82B /* rock12.png */ = {isa = PBXFileReference; lastKnownFileType = image.png; path = rock12.png; sourceTree = "<group>"; };
		307E7ADB1AC1FED500CFB82B /* rock13.png */ = {isa = PBXFileReference; lastKnownFileType = image.png; path = rock13.png; sourceTree = "<group>"; };
		307E7B291AC35D4900CFB82B /* definitions.json */ = {isa = PBXFileReference; fileEncoding = 4; lastKnownFileType = text.json; path = definitions.json; sourceTree = "<group>"; };
		307E7B531AC4EF3100CFB82B /* bg-lapotne07.png */ = {isa = PBXFileReference; lastKnownFileType = image.png; path = "bg-lapotne07.png"; sourceTree = "<group>"; };
		307E7B541AC4EF3100CFB82B /* bg-lapotne06.png */ = {isa = PBXFileReference; lastKnownFileType = image.png; path = "bg-lapotne06.png"; sourceTree = "<group>"; };
		307E7B551AC4EF3100CFB82B /* bg-lapotne05.png */ = {isa = PBXFileReference; lastKnownFileType = image.png; path = "bg-lapotne05.png"; sourceTree = "<group>"; };
		307E7B561AC4EF3100CFB82B /* bg-lapotne04.png */ = {isa = PBXFileReference; lastKnownFileType = image.png; path = "bg-lapotne04.png"; sourceTree = "<group>"; };
		307E7B571AC4EF3100CFB82B /* bg-lapotne03.png */ = {isa = PBXFileReference; lastKnownFileType = image.png; path = "bg-lapotne03.png"; sourceTree = "<group>"; };
		307E7B581AC4EF3100CFB82B /* bg-lapotne02.png */ = {isa = PBXFileReference; lastKnownFileType = image.png; path = "bg-lapotne02.png"; sourceTree = "<group>"; };
		307E7B591AC4EF3100CFB82B /* light01.png */ = {isa = PBXFileReference; lastKnownFileType = image.png; path = light01.png; sourceTree = "<group>"; };
		307E7B5B1AC4EF3100CFB82B /* overlay-forest01.png */ = {isa = PBXFileReference; lastKnownFileType = image.png; path = "overlay-forest01.png"; sourceTree = "<group>"; };
		307E7B5D1AC4EF3100CFB82B /* bg-forest08.png */ = {isa = PBXFileReference; lastKnownFileType = image.png; path = "bg-forest08.png"; sourceTree = "<group>"; };
		307E7B5E1AC4EF3100CFB82B /* bg-bush03.png */ = {isa = PBXFileReference; lastKnownFileType = image.png; path = "bg-bush03.png"; sourceTree = "<group>"; };
		307E7B5F1AC4EF3100CFB82B /* bg-bush02.png */ = {isa = PBXFileReference; lastKnownFileType = image.png; path = "bg-bush02.png"; sourceTree = "<group>"; };
		307E7B601AC4EF3100CFB82B /* bg-bush01.png */ = {isa = PBXFileReference; lastKnownFileType = image.png; path = "bg-bush01.png"; sourceTree = "<group>"; };
		307E7B611AC4EF3100CFB82B /* bg-forest07.png */ = {isa = PBXFileReference; lastKnownFileType = image.png; path = "bg-forest07.png"; sourceTree = "<group>"; };
		307E9A591BE2E95A001F3D80 /* diamond.png */ = {isa = PBXFileReference; lastKnownFileType = image.png; path = diamond.png; sourceTree = "<group>"; };
		307E9A691BE3082A001F3D80 /* skeleton-idle.plist */ = {isa = PBXFileReference; fileEncoding = 4; lastKnownFileType = text.plist.xml; path = "skeleton-idle.plist"; sourceTree = "<group>"; };
		307E9A6A1BE3082A001F3D80 /* skeleton-idle.png */ = {isa = PBXFileReference; lastKnownFileType = image.png; path = "skeleton-idle.png"; sourceTree = "<group>"; };
		307E9A6B1BE3082A001F3D80 /* skeleton.png */ = {isa = PBXFileReference; lastKnownFileType = image.png; path = skeleton.png; sourceTree = "<group>"; };
		307EE1381C077BA600AA5671 /* sticky.png */ = {isa = PBXFileReference; lastKnownFileType = image.png; path = sticky.png; sourceTree = "<group>"; };
		307EE13E1C07BDE500AA5671 /* test.lvl */ = {isa = PBXFileReference; fileEncoding = 4; lastKnownFileType = text; path = test.lvl; sourceTree = "<group>"; };
		307EE1421C0A70B100AA5671 /* debris1.png */ = {isa = PBXFileReference; lastKnownFileType = image.png; path = debris1.png; sourceTree = "<group>"; };
		307EE1431C0A70B100AA5671 /* debris2.png */ = {isa = PBXFileReference; lastKnownFileType = image.png; path = debris2.png; sourceTree = "<group>"; };
		307EE1441C0A70B100AA5671 /* debris3.png */ = {isa = PBXFileReference; lastKnownFileType = image.png; path = debris3.png; sourceTree = "<group>"; };
		307EE1581C0BA8C000AA5671 /* switch-anim.plist */ = {isa = PBXFileReference; fileEncoding = 4; lastKnownFileType = text.plist.xml; path = "switch-anim.plist"; sourceTree = "<group>"; };
		307EE1591C0BA8C000AA5671 /* switch-anim.png */ = {isa = PBXFileReference; lastKnownFileType = image.png; path = "switch-anim.png"; sourceTree = "<group>"; };
		307EE15A1C0BA8C000AA5671 /* switch.png */ = {isa = PBXFileReference; lastKnownFileType = image.png; path = switch.png; sourceTree = "<group>"; };
		307EE16F1C0F985500AA5671 /* button_down.png */ = {isa = PBXFileReference; lastKnownFileType = image.png; path = button_down.png; sourceTree = "<group>"; };
		307EE1701C0F985500AA5671 /* button.png */ = {isa = PBXFileReference; lastKnownFileType = image.png; path = button.png; sourceTree = "<group>"; };
		307EE1771C0FA2BB00AA5671 /* button_active.png */ = {isa = PBXFileReference; lastKnownFileType = image.png; path = button_active.png; sourceTree = "<group>"; };
		307EE17B1C0FC44100AA5671 /* portal1_animation.plist */ = {isa = PBXFileReference; fileEncoding = 4; lastKnownFileType = text.plist.xml; path = portal1_animation.plist; sourceTree = "<group>"; };
		307EE17C1C0FC44100AA5671 /* portal1_animation.png */ = {isa = PBXFileReference; lastKnownFileType = image.png; path = portal1_animation.png; sourceTree = "<group>"; };
		307EE17D1C0FC44100AA5671 /* portal2_animation.plist */ = {isa = PBXFileReference; fileEncoding = 4; lastKnownFileType = text.plist.xml; path = portal2_animation.plist; sourceTree = "<group>"; };
		307EE17E1C0FC44100AA5671 /* portal2_animation.png */ = {isa = PBXFileReference; lastKnownFileType = image.png; path = portal2_animation.png; sourceTree = "<group>"; };
		3082AE271BF80843000EED2D /* GameKit.framework */ = {isa = PBXFileReference; lastKnownFileType = wrapper.framework; name = GameKit.framework; path = Platforms/AppleTVOS.platform/Developer/SDKs/AppleTVOS9.0.sdk/System/Library/Frameworks/GameKit.framework; sourceTree = DEVELOPER_DIR; };
		3082AE291BF8C654000EED2D /* land.wav */ = {isa = PBXFileReference; lastKnownFileType = audio.wav; path = land.wav; sourceTree = "<group>"; };
		3082AE311BF8C78E000EED2D /* splat.wav */ = {isa = PBXFileReference; lastKnownFileType = audio.wav; path = splat.wav; sourceTree = "<group>"; };
		3082AE351BF90524000EED2D /* jump1.wav */ = {isa = PBXFileReference; lastKnownFileType = audio.wav; path = jump1.wav; sourceTree = "<group>"; };
		3082AE361BF90524000EED2D /* jump2.wav */ = {isa = PBXFileReference; lastKnownFileType = audio.wav; path = jump2.wav; sourceTree = "<group>"; };
		3082AE481BFBD286000EED2D /* 007.lvl */ = {isa = PBXFileReference; fileEncoding = 4; lastKnownFileType = text; path = 007.lvl; sourceTree = "<group>"; };
		308D99D01A33A37F003A9306 /* run.plist */ = {isa = PBXFileReference; fileEncoding = 4; lastKnownFileType = text.plist.xml; path = run.plist; sourceTree = "<group>"; };
		308D99D11A33A37F003A9306 /* run.png */ = {isa = PBXFileReference; lastKnownFileType = image.png; path = run.png; sourceTree = "<group>"; };
		30A4998C1AE17CC20007E5D1 /* eye.png */ = {isa = PBXFileReference; lastKnownFileType = image.png; path = eye.png; sourceTree = "<group>"; };
		30A4998D1AE17CC20007E5D1 /* witch.png */ = {isa = PBXFileReference; lastKnownFileType = image.png; path = witch.png; sourceTree = "<group>"; };
		30A499981AE1CDA40007E5D1 /* bouncepad.png */ = {isa = PBXFileReference; lastKnownFileType = image.png; path = bouncepad.png; sourceTree = "<group>"; };
		30A4999B1AE29BF40007E5D1 /* fire.plist */ = {isa = PBXFileReference; fileEncoding = 4; lastKnownFileType = text.plist.xml; path = fire.plist; sourceTree = "<group>"; };
		30A4999C1AE29BF40007E5D1 /* fire.png */ = {isa = PBXFileReference; lastKnownFileType = image.png; path = fire.png; sourceTree = "<group>"; };
		30A499A61AE2B9F80007E5D1 /* fire-sparkles.png */ = {isa = PBXFileReference; lastKnownFileType = image.png; path = "fire-sparkles.png"; sourceTree = "<group>"; };
		30A499AB1AE2BAD80007E5D1 /* fire-sparkles.plist */ = {isa = PBXFileReference; fileEncoding = 4; lastKnownFileType = text.plist.xml; path = "fire-sparkles.plist"; sourceTree = "<group>"; };
		30A499B41AE2C6840007E5D1 /* bouncepad-bounce.plist */ = {isa = PBXFileReference; fileEncoding = 4; lastKnownFileType = text.plist.xml; path = "bouncepad-bounce.plist"; sourceTree = "<group>"; };
		30A499B51AE2C6840007E5D1 /* bouncepad-bounce.png */ = {isa = PBXFileReference; lastKnownFileType = image.png; path = "bouncepad-bounce.png"; sourceTree = "<group>"; };
		30A499C41AE3BFCD0007E5D1 /* eye-hit.png */ = {isa = PBXFileReference; lastKnownFileType = image.png; path = "eye-hit.png"; sourceTree = "<group>"; };
		30A499C51AE3BFCD0007E5D1 /* witch-hit.png */ = {isa = PBXFileReference; lastKnownFileType = image.png; path = "witch-hit.png"; sourceTree = "<group>"; };
		30B6E3E71ADC8A9200725C85 /* collision.png */ = {isa = PBXFileReference; lastKnownFileType = image.png; path = collision.png; sourceTree = "<group>"; };
		30B6E3EA1ADC95B700725C85 /* jumphit.png */ = {isa = PBXFileReference; lastKnownFileType = image.png; path = jumphit.png; sourceTree = "<group>"; };
		30B6E3ED1ADD31DB00725C85 /* wallslide.png */ = {isa = PBXFileReference; lastKnownFileType = image.png; path = wallslide.png; sourceTree = "<group>"; };
		30B6E4071ADF2A0300725C85 /* witch.png */ = {isa = PBXFileReference; lastKnownFileType = image.png; path = witch.png; sourceTree = "<group>"; };
		30B6E4101ADF309000725C85 /* eyes01.png */ = {isa = PBXFileReference; lastKnownFileType = image.png; path = eyes01.png; sourceTree = "<group>"; };
		30B6E4111ADF309000725C85 /* eyes02.png */ = {isa = PBXFileReference; lastKnownFileType = image.png; path = eyes02.png; sourceTree = "<group>"; };
		30B6E4121ADF309000725C85 /* eyes03.png */ = {isa = PBXFileReference; lastKnownFileType = image.png; path = eyes03.png; sourceTree = "<group>"; };
		30C89E6F1BD95D8F006D8742 /* torch.png */ = {isa = PBXFileReference; lastKnownFileType = image.png; path = torch.png; sourceTree = "<group>"; };
		30C89E831BD96B89006D8742 /* destroyable-state1.png */ = {isa = PBXFileReference; lastKnownFileType = image.png; path = "destroyable-state1.png"; sourceTree = "<group>"; };
		30C89E841BD96B89006D8742 /* destroyable-state2.png */ = {isa = PBXFileReference; lastKnownFileType = image.png; path = "destroyable-state2.png"; sourceTree = "<group>"; };
		30C89E851BD96B89006D8742 /* destroyable-state3.png */ = {isa = PBXFileReference; lastKnownFileType = image.png; path = "destroyable-state3.png"; sourceTree = "<group>"; };
		30C89E861BD96B89006D8742 /* grassless02.png */ = {isa = PBXFileReference; lastKnownFileType = image.png; path = grassless02.png; sourceTree = "<group>"; };
		30C89E871BD96B89006D8742 /* grassless03.png */ = {isa = PBXFileReference; lastKnownFileType = image.png; path = grassless03.png; sourceTree = "<group>"; };
		30C89E881BD96B89006D8742 /* grassless10.png */ = {isa = PBXFileReference; lastKnownFileType = image.png; path = grassless10.png; sourceTree = "<group>"; };
		30C89E891BD96B89006D8742 /* grassless13.png */ = {isa = PBXFileReference; lastKnownFileType = image.png; path = grassless13.png; sourceTree = "<group>"; };
		30C89E9F1BD9AFC0006D8742 /* rock.png */ = {isa = PBXFileReference; lastKnownFileType = image.png; path = rock.png; sourceTree = "<group>"; };
		30C89EA31BD9B2CA006D8742 /* arrow-bounce.plist */ = {isa = PBXFileReference; fileEncoding = 4; lastKnownFileType = text.plist.xml; path = "arrow-bounce.plist"; sourceTree = "<group>"; };
		30C89EA41BD9B2CA006D8742 /* arrow-bounce.png */ = {isa = PBXFileReference; lastKnownFileType = image.png; path = "arrow-bounce.png"; sourceTree = "<group>"; };
		30C89EAF1BD9CA8F006D8742 /* level_list.json */ = {isa = PBXFileReference; fileEncoding = 4; lastKnownFileType = text.json; path = level_list.json; sourceTree = "<group>"; };
		30C89EB31BD9CBBB006D8742 /* 001.lvl */ = {isa = PBXFileReference; fileEncoding = 4; lastKnownFileType = text; path = 001.lvl; sourceTree = "<group>"; };
		30C89EB41BD9CBBB006D8742 /* 002.lvl */ = {isa = PBXFileReference; fileEncoding = 4; lastKnownFileType = text; path = 002.lvl; sourceTree = "<group>"; };
		30C89EB51BD9CBBB006D8742 /* 003.lvl */ = {isa = PBXFileReference; fileEncoding = 4; lastKnownFileType = text; path = 003.lvl; sourceTree = "<group>"; };
		30C89EB61BD9CBBB006D8742 /* 004.lvl */ = {isa = PBXFileReference; fileEncoding = 4; lastKnownFileType = text; path = 004.lvl; sourceTree = "<group>"; };
		30C89EB71BD9CBBB006D8742 /* 005.lvl */ = {isa = PBXFileReference; fileEncoding = 4; lastKnownFileType = text; path = 005.lvl; sourceTree = "<group>"; };
		30C89EB81BD9CBBB006D8742 /* 006.lvl */ = {isa = PBXFileReference; fileEncoding = 4; lastKnownFileType = text; path = 006.lvl; sourceTree = "<group>"; };
		30D8F93E1B6833710045CFE7 /* portal1.png */ = {isa = PBXFileReference; lastKnownFileType = image.png; path = portal1.png; sourceTree = "<group>"; };
		30D8F93F1B6833710045CFE7 /* portal2.png */ = {isa = PBXFileReference; lastKnownFileType = image.png; path = portal2.png; sourceTree = "<group>"; };
		30D8F9441B6989150045CFE7 /* arm.png */ = {isa = PBXFileReference; lastKnownFileType = image.png; path = arm.png; sourceTree = "<group>"; };
		30D8F9451B6989150045CFE7 /* hit.png */ = {isa = PBXFileReference; lastKnownFileType = image.png; path = hit.png; sourceTree = "<group>"; };
		30DEBFE01BF2DA4300A9824F /* CoreServices.framework */ = {isa = PBXFileReference; lastKnownFileType = wrapper.framework; name = CoreServices.framework; path = System/Library/Frameworks/CoreServices.framework; sourceTree = SDKROOT; };
		30DEBFE21BF2DA8000A9824F /* Carbon.framework */ = {isa = PBXFileReference; lastKnownFileType = wrapper.framework; name = Carbon.framework; path = System/Library/Frameworks/Carbon.framework; sourceTree = SDKROOT; };
		30F4BE631AC79577006D4FAD /* obstacle01.png */ = {isa = PBXFileReference; lastKnownFileType = image.png; path = obstacle01.png; sourceTree = "<group>"; };
		30F4BE641AC79577006D4FAD /* obstacle02.png */ = {isa = PBXFileReference; lastKnownFileType = image.png; path = obstacle02.png; sourceTree = "<group>"; };
		503AE0F617EB97AB00D1A890 /* Icon.icns */ = {isa = PBXFileReference; lastKnownFileType = image.icns; path = Icon.icns; sourceTree = "<group>"; };
		503AE0F717EB97AB00D1A890 /* Info.plist */ = {isa = PBXFileReference; fileEncoding = 4; lastKnownFileType = text.plist.xml; name = Info.plist; path = mac/Info.plist; sourceTree = "<group>"; };
		503AE0FA17EB989F00D1A890 /* AppController.h */ = {isa = PBXFileReference; fileEncoding = 4; lastKnownFileType = sourcecode.c.h; name = AppController.h; path = ios/AppController.h; sourceTree = SOURCE_ROOT; };
		503AE0FB17EB989F00D1A890 /* AppController.mm */ = {isa = PBXFileReference; fileEncoding = 4; lastKnownFileType = sourcecode.cpp.objcpp; name = AppController.mm; path = ios/AppController.mm; sourceTree = SOURCE_ROOT; };
		503AE0FC17EB989F00D1A890 /* main.m */ = {isa = PBXFileReference; fileEncoding = 4; lastKnownFileType = sourcecode.c.objc; name = main.m; path = ios/main.m; sourceTree = SOURCE_ROOT; };
		503AE0FD17EB989F00D1A890 /* Prefix.pch */ = {isa = PBXFileReference; fileEncoding = 4; lastKnownFileType = sourcecode.c.h; name = Prefix.pch; path = ios/Prefix.pch; sourceTree = SOURCE_ROOT; };
		503AE0FE17EB989F00D1A890 /* RootViewController.h */ = {isa = PBXFileReference; fileEncoding = 4; lastKnownFileType = sourcecode.c.h; name = RootViewController.h; path = ios/RootViewController.h; sourceTree = SOURCE_ROOT; };
		503AE0FF17EB989F00D1A890 /* RootViewController.mm */ = {isa = PBXFileReference; fileEncoding = 4; lastKnownFileType = sourcecode.cpp.objcpp; name = RootViewController.mm; path = ios/RootViewController.mm; sourceTree = SOURCE_ROOT; };
		503AE10317EB98FF00D1A890 /* main.cpp */ = {isa = PBXFileReference; fileEncoding = 4; lastKnownFileType = sourcecode.cpp.cpp; name = main.cpp; path = mac/main.cpp; sourceTree = "<group>"; };
		503AE10417EB98FF00D1A890 /* Prefix.pch */ = {isa = PBXFileReference; fileEncoding = 4; lastKnownFileType = sourcecode.c.h; name = Prefix.pch; path = mac/Prefix.pch; sourceTree = "<group>"; };
		503AE11117EB99EE00D1A890 /* libcurl.dylib */ = {isa = PBXFileReference; lastKnownFileType = "compiled.mach-o.dylib"; name = libcurl.dylib; path = usr/lib/libcurl.dylib; sourceTree = SDKROOT; };
		503AE11A17EB9C5A00D1A890 /* IOKit.framework */ = {isa = PBXFileReference; lastKnownFileType = wrapper.framework; name = IOKit.framework; path = System/Library/Frameworks/IOKit.framework; sourceTree = SDKROOT; };
		5087E76F17EB910900C73F5D /* ParticleEditor.app */ = {isa = PBXFileReference; explicitFileType = wrapper.application; includeInIndex = 0; path = "ParticleEditor.app"; sourceTree = BUILT_PRODUCTS_DIR; };
		5087E77217EB970100C73F5D /* Default-568h@2x.png */ = {isa = PBXFileReference; lastKnownFileType = image.png; path = "Default-568h@2x.png"; sourceTree = "<group>"; };
		5087E77317EB970100C73F5D /* Default.png */ = {isa = PBXFileReference; lastKnownFileType = image.png; path = Default.png; sourceTree = "<group>"; };
		5087E77417EB970100C73F5D /* Default@2x.png */ = {isa = PBXFileReference; lastKnownFileType = image.png; path = "Default@2x.png"; sourceTree = "<group>"; };
		5087E77517EB970100C73F5D /* Icon-114.png */ = {isa = PBXFileReference; lastKnownFileType = image.png; path = "Icon-114.png"; sourceTree = "<group>"; };
		5087E77617EB970100C73F5D /* Icon-120.png */ = {isa = PBXFileReference; lastKnownFileType = image.png; path = "Icon-120.png"; sourceTree = "<group>"; };
		5087E77717EB970100C73F5D /* Icon-144.png */ = {isa = PBXFileReference; lastKnownFileType = image.png; path = "Icon-144.png"; sourceTree = "<group>"; };
		5087E77817EB970100C73F5D /* Icon-152.png */ = {isa = PBXFileReference; lastKnownFileType = image.png; path = "Icon-152.png"; sourceTree = "<group>"; };
		5087E77917EB970100C73F5D /* Icon-57.png */ = {isa = PBXFileReference; lastKnownFileType = image.png; path = "Icon-57.png"; sourceTree = "<group>"; };
		5087E77A17EB970100C73F5D /* Icon-72.png */ = {isa = PBXFileReference; lastKnownFileType = image.png; path = "Icon-72.png"; sourceTree = "<group>"; };
		5087E77B17EB970100C73F5D /* Icon-76.png */ = {isa = PBXFileReference; lastKnownFileType = image.png; path = "Icon-76.png"; sourceTree = "<group>"; };
		5087E78817EB974C00C73F5D /* AppKit.framework */ = {isa = PBXFileReference; lastKnownFileType = wrapper.framework; name = AppKit.framework; path = System/Library/Frameworks/AppKit.framework; sourceTree = SDKROOT; };
		5087E78A17EB975400C73F5D /* OpenGL.framework */ = {isa = PBXFileReference; lastKnownFileType = wrapper.framework; name = OpenGL.framework; path = System/Library/Frameworks/OpenGL.framework; sourceTree = SDKROOT; };
		50EF629217ECD46A001EB2F8 /* Icon-40.png */ = {isa = PBXFileReference; lastKnownFileType = image.png; path = "Icon-40.png"; sourceTree = "<group>"; };
		50EF629317ECD46A001EB2F8 /* Icon-58.png */ = {isa = PBXFileReference; lastKnownFileType = image.png; path = "Icon-58.png"; sourceTree = "<group>"; };
		50EF629417ECD46A001EB2F8 /* Icon-80.png */ = {isa = PBXFileReference; lastKnownFileType = image.png; path = "Icon-80.png"; sourceTree = "<group>"; };
		50EF629517ECD46A001EB2F8 /* Icon-100.png */ = {isa = PBXFileReference; lastKnownFileType = image.png; path = "Icon-100.png"; sourceTree = "<group>"; };
		50EF62A017ECD613001EB2F8 /* Icon-29.png */ = {isa = PBXFileReference; lastKnownFileType = image.png; path = "Icon-29.png"; sourceTree = "<group>"; };
		50EF62A117ECD613001EB2F8 /* Icon-50.png */ = {isa = PBXFileReference; lastKnownFileType = image.png; path = "Icon-50.png"; sourceTree = "<group>"; };
		BF170DB412928DE900B8313A /* libz.dylib */ = {isa = PBXFileReference; lastKnownFileType = "compiled.mach-o.dylib"; name = libz.dylib; path = usr/lib/libz.dylib; sourceTree = SDKROOT; };
		BF1C47EA1293683800B63C5D /* QuartzCore.framework */ = {isa = PBXFileReference; lastKnownFileType = wrapper.framework; name = QuartzCore.framework; path = System/Library/Frameworks/QuartzCore.framework; sourceTree = SDKROOT; };
		D44C620B132DFF330009C878 /* OpenAL.framework */ = {isa = PBXFileReference; lastKnownFileType = wrapper.framework; name = OpenAL.framework; path = System/Library/Frameworks/OpenAL.framework; sourceTree = SDKROOT; };
		D44C620D132DFF430009C878 /* AVFoundation.framework */ = {isa = PBXFileReference; lastKnownFileType = wrapper.framework; name = AVFoundation.framework; path = System/Library/Frameworks/AVFoundation.framework; sourceTree = SDKROOT; };
		D44C620F132DFF4E0009C878 /* AudioToolbox.framework */ = {isa = PBXFileReference; lastKnownFileType = wrapper.framework; name = AudioToolbox.framework; path = System/Library/Frameworks/AudioToolbox.framework; sourceTree = SDKROOT; };
/* End PBXFileReference section */

/* Begin PBXFrameworksBuildPhase section */
		5087E75C17EB910900C73F5D /* Frameworks */ = {
			isa = PBXFrameworksBuildPhase;
			buildActionMask = 2147483647;
			files = (
				30DEBFE31BF2DA8000A9824F /* Carbon.framework in Frameworks */,
				306ED3581BD6E00500A0A5EF /* libiconv.tbd in Frameworks */,
				303BFC331BC5D870007026CC /* libcurl.tbd in Frameworks */,
				303BFC311BC5D865007026CC /* libz.tbd in Frameworks */,
				503AE11B17EB9C5A00D1A890 /* IOKit.framework in Frameworks */,
				5087E78B17EB975400C73F5D /* OpenGL.framework in Frameworks */,
				5087E78917EB974C00C73F5D /* AppKit.framework in Frameworks */,
				306FDFB71A607C440089CA66 /* libcocos2d Mac.a in Frameworks */,
				5087E76317EB910900C73F5D /* Foundation.framework in Frameworks */,
				5087E76517EB910900C73F5D /* CoreGraphics.framework in Frameworks */,
				5087E76817EB910900C73F5D /* QuartzCore.framework in Frameworks */,
				5087E76917EB910900C73F5D /* OpenAL.framework in Frameworks */,
				5087E76A17EB910900C73F5D /* AVFoundation.framework in Frameworks */,
				5087E76B17EB910900C73F5D /* AudioToolbox.framework in Frameworks */,
			);
			runOnlyForDeploymentPostprocessing = 0;
		};
/* End PBXFrameworksBuildPhase section */

/* Begin PBXGroup section */
		080E96DDFE201D6D7F000001 /* ios */ = {
			isa = PBXGroup;
			children = (
				5087E77117EB970100C73F5D /* Icons */,
				503AE0FA17EB989F00D1A890 /* AppController.h */,
				503AE0FB17EB989F00D1A890 /* AppController.mm */,
				302F88F11BB89B6A003EE292 /* Info.plist */,
				503AE0FC17EB989F00D1A890 /* main.m */,
				503AE0FD17EB989F00D1A890 /* Prefix.pch */,
				503AE0FE17EB989F00D1A890 /* RootViewController.h */,
				503AE0FF17EB989F00D1A890 /* RootViewController.mm */,
			);
			name = ios;
			path = Classes;
			sourceTree = "<group>";
		};
		15AA9C4015B7EC450033D6C2 /* Classes */ = {
			isa = PBXGroup;
			children = (
				30C31F151A488F2B00E26C73 /* Interface */,
				1AFAF8B316D35DE700DB1158 /* AppDelegate.cpp */,
				1AFAF8B416D35DE700DB1158 /* AppDelegate.h */,
			);
			name = Classes;
			path = ../classes;
			sourceTree = "<group>";
		};
		19C28FACFE9D520D11CA2CBB /* Products */ = {
			isa = PBXGroup;
			children = (
				5087E76F17EB910900C73F5D /* ParticleEditor.app */,
			);
			name = Products;
			sourceTree = "<group>";
		};
		29B97314FDCFA39411CA2CEA /* CustomTemplate */ = {
			isa = PBXGroup;
			children = (
				15AA9C4015B7EC450033D6C2 /* Classes */,
				080E96DDFE201D6D7F000001 /* ios */,
				503AE10617EB990700D1A890 /* mac */,
				302F88C41BB89B02003EE292 /* tvos */,
				29B97323FDCFA39411CA2CEA /* Frameworks */,
				78C7DDAA14EBA5050085D0C2 /* Resources */,
				19C28FACFE9D520D11CA2CBB /* Products */,
			);
			name = CustomTemplate;
			sourceTree = "<group>";
		};
		29B97323FDCFA39411CA2CEA /* Frameworks */ = {
			isa = PBXGroup;
			children = (
				303C60161C02AD710017DE69 /* GameController.framework */,
				3082AE271BF80843000EED2D /* GameKit.framework */,
				30DEBFE21BF2DA8000A9824F /* Carbon.framework */,
				30DEBFE01BF2DA4300A9824F /* CoreServices.framework */,
				306ED3561BD6DFD100A0A5EF /* libiconv.2.tbd */,
				303BFC361BC5D8DD007026CC /* libz.tbd */,
				303BFC341BC5D8D7007026CC /* libiconv.tbd */,
				303BFC321BC5D870007026CC /* libcurl.tbd */,
				303BFC301BC5D865007026CC /* libz.tbd */,
				303BFC2E1BC5D859007026CC /* libz.tbd */,
				303BFC2C1BC5D851007026CC /* libiconv.tbd */,
				303BFC2A1BC5D7C6007026CC /* libiconv.tbd */,
				306FDFBE1A60877F0089CA66 /* libfmodstudioL.dylib */,
				306FDFBA1A6087400089CA66 /* libfmod.dylib */,
				306FDFBB1A6087400089CA66 /* libfmodL.dylib */,
				306FDFB61A607C440089CA66 /* libcocos2d Mac.a */,
				306FDFB81A607C4C0089CA66 /* libcocos2d iOS.a */,
				302F88F21BB89D31003EE292 /* libcocos2d tvOS.a */,
				303CF82B1A1CE213008EFEF8 /* UIKit.framework */,
				303CF8291A1CE202008EFEF8 /* CoreMotion.framework */,
				303CF8271A1CE1F4008EFEF8 /* OpenGLES.framework */,
				503AE11A17EB9C5A00D1A890 /* IOKit.framework */,
				503AE11117EB99EE00D1A890 /* libcurl.dylib */,
				5087E78A17EB975400C73F5D /* OpenGL.framework */,
				5087E78817EB974C00C73F5D /* AppKit.framework */,
				BF170DB412928DE900B8313A /* libz.dylib */,
				D44C620F132DFF4E0009C878 /* AudioToolbox.framework */,
				D44C620D132DFF430009C878 /* AVFoundation.framework */,
				288765A40DF7441C002DB57D /* CoreGraphics.framework */,
				1D30AB110D05D00D00671497 /* Foundation.framework */,
				D44C620B132DFF330009C878 /* OpenAL.framework */,
				BF1C47EA1293683800B63C5D /* QuartzCore.framework */,
			);
			name = Frameworks;
			sourceTree = "<group>";
		};
		302F88C41BB89B02003EE292 /* tvos */ = {
			isa = PBXGroup;
			children = (
				302F88F01BB89B34003EE292 /* icons */,
				302F88C51BB89B03003EE292 /* AppController.h */,
				302F88C61BB89B03003EE292 /* AppController.mm */,
				302F88D71BB89B03003EE292 /* Info.plist */,
				302F88D81BB89B03003EE292 /* main.m */,
				302F88D91BB89B03003EE292 /* Prefix.pch */,
				302F88DA1BB89B03003EE292 /* RootViewController.h */,
				302F88DB1BB89B03003EE292 /* RootViewController.mm */,
			);
			path = tvos;
			sourceTree = "<group>";
		};
		302F88F01BB89B34003EE292 /* icons */ = {
			isa = PBXGroup;
			children = (
				302F88C71BB89B03003EE292 /* Default-568h@2x.png */,
				302F88C81BB89B03003EE292 /* Default.png */,
				302F88C91BB89B03003EE292 /* Default@2x.png */,
				302F88CA1BB89B03003EE292 /* Icon-100.png */,
				302F88CB1BB89B03003EE292 /* Icon-114.png */,
				302F88CC1BB89B03003EE292 /* Icon-120.png */,
				302F88CD1BB89B03003EE292 /* Icon-144.png */,
				302F88CE1BB89B03003EE292 /* Icon-152.png */,
				302F88CF1BB89B03003EE292 /* Icon-29.png */,
				302F88D01BB89B03003EE292 /* Icon-40.png */,
				302F88D11BB89B03003EE292 /* Icon-50.png */,
				302F88D21BB89B03003EE292 /* Icon-57.png */,
				302F88D31BB89B03003EE292 /* Icon-58.png */,
				302F88D41BB89B03003EE292 /* Icon-72.png */,
				302F88D51BB89B03003EE292 /* Icon-76.png */,
				302F88D61BB89B03003EE292 /* Icon-80.png */,
				304782221BC4B4000055C0E9 /* Icons.xcassets */,
			);
			name = icons;
			sourceTree = "<group>";
		};
		30C31F151A488F2B00E26C73 /* Interface */ = {
			isa = PBXGroup;
			children = (
				1AFAF8B516D35DE700DB1158 /* Editor.cpp */,
				1AFAF8B616D35DE700DB1158 /* Editor.h */,
			);
			name = Interface;
			sourceTree = "<group>";
		};
		503AE0F517EB97AB00D1A890 /* Icons */ = {
			isa = PBXGroup;
			children = (
				503AE0F617EB97AB00D1A890 /* Icon.icns */,
			);
			name = Icons;
			path = mac;
			sourceTree = SOURCE_ROOT;
		};
		503AE10617EB990700D1A890 /* mac */ = {
			isa = PBXGroup;
			children = (
				503AE0F517EB97AB00D1A890 /* Icons */,
				503AE0F717EB97AB00D1A890 /* Info.plist */,
				503AE10317EB98FF00D1A890 /* main.cpp */,
				503AE10417EB98FF00D1A890 /* Prefix.pch */,
			);
			name = mac;
			sourceTree = "<group>";
		};
		5087E77117EB970100C73F5D /* Icons */ = {
			isa = PBXGroup;
			children = (
				5087E77217EB970100C73F5D /* Default-568h@2x.png */,
				5087E77317EB970100C73F5D /* Default.png */,
				5087E77417EB970100C73F5D /* Default@2x.png */,
				50EF62A017ECD613001EB2F8 /* Icon-29.png */,
				50EF62A117ECD613001EB2F8 /* Icon-50.png */,
				50EF629217ECD46A001EB2F8 /* Icon-40.png */,
				50EF629317ECD46A001EB2F8 /* Icon-58.png */,
				50EF629417ECD46A001EB2F8 /* Icon-80.png */,
				50EF629517ECD46A001EB2F8 /* Icon-100.png */,
				5087E77517EB970100C73F5D /* Icon-114.png */,
				5087E77617EB970100C73F5D /* Icon-120.png */,
				5087E77717EB970100C73F5D /* Icon-144.png */,
				5087E77817EB970100C73F5D /* Icon-152.png */,
				5087E77917EB970100C73F5D /* Icon-57.png */,
				5087E77A17EB970100C73F5D /* Icon-72.png */,
				5087E77B17EB970100C73F5D /* Icon-76.png */,
			);
			name = Icons;
			path = ios;
			sourceTree = SOURCE_ROOT;
		};
		78C7DDAA14EBA5050085D0C2 /* Resources */ = {
			isa = PBXGroup;
			children = (
				307EE1581C0BA8C000AA5671 /* switch-anim.plist */,
				307EE1591C0BA8C000AA5671 /* switch-anim.png */,
				307EE15A1C0BA8C000AA5671 /* switch.png */,
				307EE1421C0A70B100AA5671 /* debris1.png */,
				307EE1431C0A70B100AA5671 /* debris2.png */,
				307EE1441C0A70B100AA5671 /* debris3.png */,
				307EE13E1C07BDE500AA5671 /* test.lvl */,
				307EE1381C077BA600AA5671 /* sticky.png */,
				3082AE351BF90524000EED2D /* jump1.wav */,
				3082AE361BF90524000EED2D /* jump2.wav */,
				3082AE311BF8C78E000EED2D /* splat.wav */,
				3082AE291BF8C654000EED2D /* land.wav */,
				304776811BE95E6200EBE002 /* sparkles.plist */,
				304776821BE95E6200EBE002 /* sparkles.png */,
				304776791BE8FC5B00EBE002 /* stand_green.png */,
				3047767A1BE8FC5B00EBE002 /* stand.png */,
				30C89EB31BD9CBBB006D8742 /* 001.lvl */,
				30C89EB41BD9CBBB006D8742 /* 002.lvl */,
				30C89EB51BD9CBBB006D8742 /* 003.lvl */,
				30C89EB61BD9CBBB006D8742 /* 004.lvl */,
				30C89EB71BD9CBBB006D8742 /* 005.lvl */,
				30C89EB81BD9CBBB006D8742 /* 006.lvl */,
				3082AE481BFBD286000EED2D /* 007.lvl */,
				30D8F9441B6989150045CFE7 /* arm.png */,
				30C89EA31BD9B2CA006D8742 /* arrow-bounce.plist */,
				30C89EA41BD9B2CA006D8742 /* arrow-bounce.png */,
				305DEEE61AD3267F0063BC80 /* arrow.png */,
				307E7ABE1AC1FED500CFB82B /* back-grass01.png */,
				307E7ABF1AC1FED500CFB82B /* back-grass02.png */,
				307E7AC01AC1FED500CFB82B /* back-stone01.png */,
				307E7AC11AC1FED500CFB82B /* back-stone02.png */,
				3047768E1BE98C1200EBE002 /* bat-flying.plist */,
				3047768F1BE98C1200EBE002 /* bat-flying.png */,
				304776901BE98C1200EBE002 /* bat.png */,
				307E7B601AC4EF3100CFB82B /* bg-bush01.png */,
				307E7B5F1AC4EF3100CFB82B /* bg-bush02.png */,
				307E7B5E1AC4EF3100CFB82B /* bg-bush03.png */,
				307E7AC21AC1FED500CFB82B /* bg-cliff01.png */,
				307E7AC31AC1FED500CFB82B /* bg-forest01.png */,
				307E7AC41AC1FED500CFB82B /* bg-forest02.png */,
				307E7AC51AC1FED500CFB82B /* bg-forest03.png */,
				307E7AC61AC1FED500CFB82B /* bg-forest04.png */,
				307E7AC71AC1FED500CFB82B /* bg-forest05.png */,
				307E7AC81AC1FED500CFB82B /* bg-forest06.png */,
				307E7B611AC4EF3100CFB82B /* bg-forest07.png */,
				307E7B5D1AC4EF3100CFB82B /* bg-forest08.png */,
				307E7AC91AC1FED500CFB82B /* bg-lapotne01.png */,
				307E7B581AC4EF3100CFB82B /* bg-lapotne02.png */,
				307E7B571AC4EF3100CFB82B /* bg-lapotne03.png */,
				307E7B561AC4EF3100CFB82B /* bg-lapotne04.png */,
				307E7B551AC4EF3100CFB82B /* bg-lapotne05.png */,
				307E7B541AC4EF3100CFB82B /* bg-lapotne06.png */,
				307E7B531AC4EF3100CFB82B /* bg-lapotne07.png */,
				307E7ACA1AC1FED500CFB82B /* bg-tile-black.png */,
				302BD3071A349ED40091A274 /* blood.plist */,
				302BD3081A349ED40091A274 /* blood.png */,
				30A499B41AE2C6840007E5D1 /* bouncepad-bounce.plist */,
				30A499B51AE2C6840007E5D1 /* bouncepad-bounce.png */,
				30A499981AE1CDA40007E5D1 /* bouncepad.png */,
				307EE1701C0F985500AA5671 /* button.png */,
				307EE1771C0FA2BB00AA5671 /* button_active.png */,
				307EE16F1C0F985500AA5671 /* button_down.png */,
				302B09DD1BDB88F7007F3114 /* collision_green.png */,
				30B6E3E71ADC8A9200725C85 /* collision.png */,
				307E7B291AC35D4900CFB82B /* definitions.json */,
				30C89E831BD96B89006D8742 /* destroyable-state1.png */,
				30C89E841BD96B89006D8742 /* destroyable-state2.png */,
				30C89E851BD96B89006D8742 /* destroyable-state3.png */,
				307E9A591BE2E95A001F3D80 /* diamond.png */,
				302BD3011A3496E30091A274 /* dust.plist */,
				302BD3021A3496E30091A274 /* dust.png */,
				302BD2A81A343AEE0091A274 /* end_screen_shirt.png */,
				30A499C41AE3BFCD0007E5D1 /* eye-hit.png */,
				30A4998C1AE17CC20007E5D1 /* eye.png */,
				30B6E4101ADF309000725C85 /* eyes01.png */,
				30B6E4111ADF309000725C85 /* eyes02.png */,
				30B6E4121ADF309000725C85 /* eyes03.png */,
				30A499AB1AE2BAD80007E5D1 /* fire-sparkles.plist */,
				30A499A61AE2B9F80007E5D1 /* fire-sparkles.png */,
				30A4999B1AE29BF40007E5D1 /* fire.plist */,
				30A4999C1AE29BF40007E5D1 /* fire.png */,
				306A62881B6CBA7F003D22A6 /* font.fnt */,
				306A62891B6CBA7F003D22A6 /* font.png */,
				30C89E861BD96B89006D8742 /* grassless02.png */,
				30C89E871BD96B89006D8742 /* grassless03.png */,
				30C89E881BD96B89006D8742 /* grassless10.png */,
				30C89E891BD96B89006D8742 /* grassless13.png */,
				30D8F9451B6989150045CFE7 /* hit.png */,
				302B09DE1BDB88F7007F3114 /* jump_green.png */,
				302BD28D1A3414E70091A274 /* jump.png */,
				302B09DF1BDB88F7007F3114 /* jumphit_green.png */,
				30B6E3EA1ADC95B700725C85 /* jumphit.png */,
				30C89EAF1BD9CA8F006D8742 /* level_list.json */,
				3056AF861A8D90F000C9AFB8 /* life.png */,
				307E7B591AC4EF3100CFB82B /* light01.png */,
				306A628E1B6CBB31003D22A6 /* logo.png */,
				302D78171BDA267500D03C6C /* main_menu.png */,
				302BD2931A342B1A0091A274 /* Master Bank.bank */,
				30F4BE631AC79577006D4FAD /* obstacle01.png */,
				30F4BE641AC79577006D4FAD /* obstacle02.png */,
				307E7B5B1AC4EF3100CFB82B /* overlay-forest01.png */,
				307E7ACB1AC1FED500CFB82B /* overlay01.png */,
				307E7ACC1AC1FED500CFB82B /* overlay02.png */,
				307E7ACD1AC1FED500CFB82B /* overlay03.png */,
				307E7ACE1AC1FED500CFB82B /* overlay04.png */,
				302BD2AB1A343B600091A274 /* points.fnt */,
				302BD2AC1A343B600091A274 /* points.png */,
				30D8F93E1B6833710045CFE7 /* portal1.png */,
				30D8F93F1B6833710045CFE7 /* portal2.png */,
				307EE17B1C0FC44100AA5671 /* portal1_animation.plist */,
				307EE17C1C0FC44100AA5671 /* portal1_animation.png */,
				307EE17D1C0FC44100AA5671 /* portal2_animation.plist */,
				307EE17E1C0FC44100AA5671 /* portal2_animation.png */,
				30226D341AE067E000A75469 /* ritual-place.png */,
				302B09E01BDB88F7007F3114 /* rock_green.png */,
				30C89E9F1BD9AFC0006D8742 /* rock.png */,
				307E7ACF1AC1FED500CFB82B /* rock01.png */,
				307E7AD01AC1FED500CFB82B /* rock02.png */,
				307E7AD11AC1FED500CFB82B /* rock03.png */,
				307E7AD21AC1FED500CFB82B /* rock04.png */,
				307E7AD31AC1FED500CFB82B /* rock05.png */,
				307E7AD41AC1FED500CFB82B /* rock06.png */,
				307E7AD51AC1FED500CFB82B /* rock07.png */,
				307E7AD61AC1FED500CFB82B /* rock08.png */,
				307E7AD71AC1FED500CFB82B /* rock09.png */,
				307E7AD81AC1FED500CFB82B /* rock10.png */,
				307E7AD91AC1FED500CFB82B /* rock11.png */,
				307E7ADA1AC1FED500CFB82B /* rock12.png */,
				307E7ADB1AC1FED500CFB82B /* rock13.png */,
				302B09E11BDB88F7007F3114 /* run_green.plist */,
				302B09E21BDB88F7007F3114 /* run_green.png */,
				308D99D01A33A37F003A9306 /* run.plist */,
				308D99D11A33A37F003A9306 /* run.png */,
				302B09FE1BE05ED9007F3114 /* sand-melt.plist */,
				302B09FF1BE05ED9007F3114 /* sand-melt.png */,
				302B0A001BE05ED9007F3114 /* sand.png */,
				307E9A691BE3082A001F3D80 /* skeleton-idle.plist */,
				307E9A6A1BE3082A001F3D80 /* skeleton-idle.png */,
				307E9A6B1BE3082A001F3D80 /* skeleton.png */,
				302BD2941A342B1A0091A274 /* sounds.bank */,
				307697CA1BA6236900DC9F7C /* stopsign.png */,
				30C89E6F1BD95D8F006D8742 /* torch.png */,
				302B09E31BDB88F7007F3114 /* wallslide_green.png */,
				30B6E3ED1ADD31DB00725C85 /* wallslide.png */,
				30A499C51AE3BFCD0007E5D1 /* witch-hit.png */,
				30B6E4071ADF2A0300725C85 /* witch.png */,
				30A4998D1AE17CC20007E5D1 /* witch.png */,
			);
			name = Resources;
			path = ../Resources;
			sourceTree = "<group>";
		};
/* End PBXGroup section */

/* Begin PBXNativeTarget section */
		5087E73D17EB910900C73F5D /* ParticleEditor */ = {
			isa = PBXNativeTarget;
			buildConfigurationList = 5087E76C17EB910900C73F5D /* Build configuration list for PBXNativeTarget "ParticleEditor" */;
			buildPhases = (
				5087E74817EB910900C73F5D /* Resources */,
				5087E75617EB910900C73F5D /* Sources */,
				5087E75C17EB910900C73F5D /* Frameworks */,
				302BD2A11A3431CF0091A274 /* CopyFiles */,
			);
			buildRules = (
			);
			dependencies = (
			);
			name = ParticleEditor;
			productName = iphone;
			productReference = 5087E76F17EB910900C73F5D /* ParticleEditor.app */;
			productType = "com.apple.product-type.application";
		};
/* End PBXNativeTarget section */

/* Begin PBXProject section */
		29B97313FDCFA39411CA2CEA /* Project object */ = {
			isa = PBXProject;
			attributes = {
				LastUpgradeCheck = 0710;
			};
			buildConfigurationList = C01FCF4E08A954540054247B /* Build configuration list for PBXProject "ParticleEditor" */;
			compatibilityVersion = "Xcode 3.2";
			developmentRegion = English;
			hasScannedForEncodings = 1;
			knownRegions = (
				English,
				Japanese,
				French,
				German,
			);
			mainGroup = 29B97314FDCFA39411CA2CEA /* CustomTemplate */;
			projectDirPath = "";
			projectRoot = "";
			targets = (
				5087E73D17EB910900C73F5D /* ParticleEditor */,
			);
		};
/* End PBXProject section */

/* Begin PBXResourcesBuildPhase section */
		5087E74817EB910900C73F5D /* Resources */ = {
			isa = PBXResourcesBuildPhase;
			buildActionMask = 2147483647;
			files = (
			);
			runOnlyForDeploymentPostprocessing = 0;
		};
/* End PBXResourcesBuildPhase section */

/* Begin PBXSourcesBuildPhase section */
		5087E75617EB910900C73F5D /* Sources */ = {
			isa = PBXSourcesBuildPhase;
			buildActionMask = 2147483647;
			files = (
				5087E75717EB910900C73F5D /* AppDelegate.cpp in Sources */,
				5087E75817EB910900C73F5D /* Editor.cpp in Sources */,
				503AE10517EB98FF00D1A890 /* main.cpp in Sources */,
			);
			runOnlyForDeploymentPostprocessing = 0;
		};
/* End PBXSourcesBuildPhase section */

/* Begin XCBuildConfiguration section */
		5087E76D17EB910900C73F5D /* Debug */ = {
			isa = XCBuildConfiguration;
			buildSettings = {
				ALWAYS_SEARCH_USER_PATHS = YES;
				CLANG_CXX_LANGUAGE_STANDARD = "c++0x";
				CLANG_CXX_LIBRARY = "libc++";
				COMBINE_HIDPI_IMAGES = YES;
				GCC_DYNAMIC_NO_PIC = NO;
				GCC_INLINES_ARE_PRIVATE_EXTERN = NO;
				GCC_PRECOMPILE_PREFIX_HEADER = YES;
				GCC_PREFIX_HEADER = mac/Prefix.pch;
				GCC_PREPROCESSOR_DEFINITIONS = (
					CC_TARGET_OS_MAC,
					"$(inherited)",
				);
				GCC_SYMBOLS_PRIVATE_EXTERN = NO;
				HEADER_SEARCH_PATHS = (
					"$(inherited)",
					"$(COCOS2DX_HOME)/cocos/platform/mac",
					"$(COCOS2DX_HOME)/external/glfw3/include/mac",
				);
				INFOPLIST_FILE = mac/Info.plist;
				LD_RUNPATH_SEARCH_PATHS = "@loader_path/../Frameworks";
				LIBRARY_SEARCH_PATHS = "$(COCOS2DX_HOME)/build/build/Debug";
				MACOSX_DEPLOYMENT_TARGET = 10.8;
				PRODUCT_BUNDLE_IDENTIFIER = "org.cocos2d-x.${PRODUCT_NAME:rfc1034identifier}";
				PRODUCT_NAME = "ParticleEditor iOS";
				USER_HEADER_SEARCH_PATHS = "";
			};
			name = Debug;
		};
		5087E76E17EB910900C73F5D /* Release */ = {
			isa = XCBuildConfiguration;
			buildSettings = {
				ALWAYS_SEARCH_USER_PATHS = YES;
				CLANG_CXX_LANGUAGE_STANDARD = "c++0x";
				CLANG_CXX_LIBRARY = "libc++";
				COMBINE_HIDPI_IMAGES = YES;
				GCC_INLINES_ARE_PRIVATE_EXTERN = NO;
				GCC_PRECOMPILE_PREFIX_HEADER = YES;
				GCC_PREFIX_HEADER = mac/Prefix.pch;
				GCC_PREPROCESSOR_DEFINITIONS = (
					CC_TARGET_OS_MAC,
					"$(inherited)",
				);
				GCC_SYMBOLS_PRIVATE_EXTERN = NO;
				HEADER_SEARCH_PATHS = (
					"$(inherited)",
					"$(COCOS2DX_HOME)/cocos/platform/mac",
					"$(COCOS2DX_HOME)/external/glfw3/include/mac",
				);
				INFOPLIST_FILE = mac/Info.plist;
				LD_RUNPATH_SEARCH_PATHS = "@loader_path/../Frameworks";
				LIBRARY_SEARCH_PATHS = "$(COCOS2DX_HOME)/build/build/Release";
				MACOSX_DEPLOYMENT_TARGET = 10.8;
				PRODUCT_BUNDLE_IDENTIFIER = "org.cocos2d-x.${PRODUCT_NAME:rfc1034identifier}";
				PRODUCT_NAME = "ParticleEditor iOS";
				USER_HEADER_SEARCH_PATHS = "";
			};
			name = Release;
		};
		C01FCF4F08A954540054247B /* Debug */ = {
			isa = XCBuildConfiguration;
			buildSettings = {
				CLANG_CXX_LANGUAGE_STANDARD = "c++0x";
				CLANG_CXX_LIBRARY = "libc++";
				COCOS2DX_HOME = "/Users/elviss/Libraries/cocos2d-x";
				COPY_PHASE_STRIP = NO;
				ENABLE_TESTABILITY = YES;
				GCC_OPTIMIZATION_LEVEL = 0;
				GCC_PREPROCESSOR_DEFINITIONS = (
					"CC_ENABLE_CHIPMUNK_INTEGRATION=0",
					"COCOS2D_DEBUG=1",
					DEBUG,
					USE_FILE32API,
					DEBUG_COLLISIONS,
				);
				GCC_WARN_ABOUT_RETURN_TYPE = YES;
				GCC_WARN_UNUSED_VARIABLE = YES;
				HEADER_SEARCH_PATHS = (
					"$(COCOS2DX_HOME)",
					"$(COCOS2DX_HOME)/cocos",
					"$(COCOS2DX_HOME)/cocos/base",
					"$(COCOS2DX_HOME)/cocos/physics",
					"$(COCOS2DX_HOME)/cocos/math",
					"$(COCOS2DX_HOME)/cocos/2d",
					"$(COCOS2DX_HOME)/cocos/ui",
					"$(COCOS2DX_HOME)/cocos/network",
					"$(COCOS2DX_HOME)/cocos/audio/include",
					"$(COCOS2DX_HOME)/cocos/editor-support",
					"$(COCOS2DX_HOME)/extensions",
					"$(COCOS2DX_HOME)/external",
					"$(COCOS2DX_HOME)/external/chipmunk/include/chipmunk",
					"$(COCOS2dX_HOME)/cocos/audio/include",
				);
				MACOSX_DEPLOYMENT_TARGET = "";
				ONLY_ACTIVE_ARCH = YES;
				SDKROOT = macosx;
			};
			name = Debug;
		};
		C01FCF5008A954540054247B /* Release */ = {
			isa = XCBuildConfiguration;
			buildSettings = {
				CLANG_CXX_LANGUAGE_STANDARD = "c++0x";
				CLANG_CXX_LIBRARY = "libc++";
				COCOS2DX_HOME = "/Users/elviss/Libraries/cocos2d-x";
				GCC_PREPROCESSOR_DEFINITIONS = (
					"CC_ENABLE_CHIPMUNK_INTEGRATION=0",
					USE_FILE32API,
				);
				GCC_WARN_ABOUT_RETURN_TYPE = YES;
				GCC_WARN_UNUSED_VARIABLE = YES;
				HEADER_SEARCH_PATHS = (
					"$(COCOS2DX_HOME)",
					"$(COCOS2DX_HOME)/cocos",
					"$(COCOS2DX_HOME)/cocos/base",
					"$(COCOS2DX_HOME)/cocos/physics",
					"$(COCOS2DX_HOME)/cocos/math",
					"$(COCOS2DX_HOME)/cocos/2d",
					"$(COCOS2DX_HOME)/cocos/ui",
					"$(COCOS2DX_HOME)/cocos/network",
					"$(COCOS2DX_HOME)/cocos/audio/include",
					"$(COCOS2DX_HOME)/cocos/editor-support",
					"$(COCOS2DX_HOME)/extensions",
					"$(COCOS2DX_HOME)/external",
					"$(COCOS2DX_HOME)/external/chipmunk/include/chipmunk",
					"$(COCOS2dX_HOME)/cocos/audio/include",
				);
				MACOSX_DEPLOYMENT_TARGET = "";
				OTHER_CFLAGS = "-DNS_BLOCK_ASSERTIONS=1";
				SDKROOT = macosx;
				VALIDATE_PRODUCT = YES;
			};
			name = Release;
		};
/* End XCBuildConfiguration section */

/* Begin XCConfigurationList section */
		5087E76C17EB910900C73F5D /* Build configuration list for PBXNativeTarget "ParticleEditor" */ = {
			isa = XCConfigurationList;
			buildConfigurations = (
				5087E76D17EB910900C73F5D /* Debug */,
				5087E76E17EB910900C73F5D /* Release */,
			);
			defaultConfigurationIsVisible = 0;
			defaultConfigurationName = Debug;
		};
		C01FCF4E08A954540054247B /* Build configuration list for PBXProject "ParticleEditor" */ = {
			isa = XCConfigurationList;
			buildConfigurations = (
				C01FCF4F08A954540054247B /* Debug */,
				C01FCF5008A954540054247B /* Release */,
			);
			defaultConfigurationIsVisible = 0;
			defaultConfigurationName = Debug;
		};
/* End XCConfigurationList section */
	};
	rootObject = 29B97313FDCFA39411CA2CEA /* Project object */;
}
